
Microsoft Visual Studio Solution File, Format Version 12.00
# Visual Studio Version 17
VisualStudioVersion = 17.14.36414.22 d17.14
MinimumVisualStudioVersion = 10.0.40219.1
Project("{FAE04EC0-301F-11D3-BF4B-00C04F79EFBC}") = "MauiAppProjeto2", "MauiAppProjeto2\MauiAppProjeto2.csproj", "{BA68323C-C92C-4590-A4F7-124FD7795CBA}"
EndProject
Global
	GlobalSection(SolutionConfigurationPlatforms) = preSolution
		Debug|Any CPU = Debug|Any CPU
		Release|Any CPU = Release|Any CPU
	EndGlobalSection
	GlobalSection(ProjectConfigurationPlatforms) = postSolution
		{BA68323C-C92C-4590-A4F7-124FD7795CBA}.Debug|Any CPU.ActiveCfg = Debug|Any CPU
		{BA68323C-C92C-4590-A4F7-124FD7795CBA}.Debug|Any CPU.Build.0 = Debug|Any CPU
		{BA68323C-C92C-4590-A4F7-124FD7795CBA}.Debug|Any CPU.Deploy.0 = Debug|Any CPU
		{BA68323C-C92C-4590-A4F7-124FD7795CBA}.Release|Any CPU.ActiveCfg = Release|Any CPU
		{BA68323C-C92C-4590-A4F7-124FD7795CBA}.Release|Any CPU.Build.0 = Release|Any CPU
		{BA68323C-C92C-4590-A4F7-124FD7795CBA}.Release|Any CPU.Deploy.0 = Release|Any CPU
	EndGlobalSection
	GlobalSection(SolutionProperties) = preSolution
		HideSolutionNode = FALSE
	EndGlobalSection
	GlobalSection(ExtensibilityGlobals) = postSolution
		SolutionGuid = {0B0DC56F-5C40-40C1-937E-877A6608CAEC}
	EndGlobalSection
EndGlobal
